// !$*UTF8*$!
{
	archiveVersion = 1;
	classes = {
	};
	objectVersion = 50;
	objects = {

/* Begin PBXBuildFile section */
		160556625CB38D818BF4E29D /* Pods_SwiftiOSApp.framework in Frameworks */ = {isa = PBXBuildFile; fileRef = 4288D5D23CC432E37E5EFEF4 /* Pods_SwiftiOSApp.framework */; };
		3D7F64A721A28E63002668B6 /* main.swift in Sources */ = {isa = PBXBuildFile; fileRef = 3D7F64A621A28E63002668B6 /* main.swift */; };
		3DB6F989221CFFCF0058F18C /* AudioToolbox.framework in Frameworks */ = {isa = PBXBuildFile; fileRef = 3DB6F988221CFFCF0058F18C /* AudioToolbox.framework */; };
		3DB6F98B221E4B410058F18C /* ViewController.swift in Sources */ = {isa = PBXBuildFile; fileRef = 3DB6F98A221E4B410058F18C /* ViewController.swift */; };
		3DD37108219D597000D17BCC /* AppDelegate.swift in Sources */ = {isa = PBXBuildFile; fileRef = 3DD37107219D597000D17BCC /* AppDelegate.swift */; };
		3DD3710D219D597000D17BCC /* Main.storyboard in Resources */ = {isa = PBXBuildFile; fileRef = 3DD3710B219D597000D17BCC /* Main.storyboard */; };
		3DD3710F219D597100D17BCC /* Assets.xcassets in Resources */ = {isa = PBXBuildFile; fileRef = 3DD3710E219D597100D17BCC /* Assets.xcassets */; };
		3DD37112219D597100D17BCC /* LaunchScreen.storyboard in Resources */ = {isa = PBXBuildFile; fileRef = 3DD37110219D597100D17BCC /* LaunchScreen.storyboard */; };
/* End PBXBuildFile section */

/* Begin PBXCopyFilesBuildPhase section */
		3D7F64A221A28E62002668B6 /* CopyFiles */ = {
			isa = PBXCopyFilesBuildPhase;
			buildActionMask = 2147483647;
			dstPath = /usr/share/man/man1/;
			dstSubfolderSpec = 0;
			files = (
			);
			runOnlyForDeploymentPostprocessing = 1;
		};
/* End PBXCopyFilesBuildPhase section */

/* Begin PBXFileReference section */
		3D7F64A421A28E62002668B6 /* SwiftCommandLine */ = {isa = PBXFileReference; explicitFileType = "compiled.mach-o.executable"; includeInIndex = 0; path = SwiftCommandLine; sourceTree = BUILT_PRODUCTS_DIR; };
		3D7F64A621A28E63002668B6 /* main.swift */ = {isa = PBXFileReference; lastKnownFileType = sourcecode.swift; path = main.swift; sourceTree = "<group>"; };
		3DB6F987221CFFCF0058F18C /* SwiftiOSApp.entitlements */ = {isa = PBXFileReference; lastKnownFileType = text.plist.entitlements; path = SwiftiOSApp.entitlements; sourceTree = "<group>"; };
		3DB6F988221CFFCF0058F18C /* AudioToolbox.framework */ = {isa = PBXFileReference; lastKnownFileType = wrapper.framework; name = AudioToolbox.framework; path = System/Library/Frameworks/AudioToolbox.framework; sourceTree = SDKROOT; };
		3DB6F98A221E4B410058F18C /* ViewController.swift */ = {isa = PBXFileReference; lastKnownFileType = sourcecode.swift; path = ViewController.swift; sourceTree = "<group>"; };
		3DD37105219D597000D17BCC /* SwiftiOSApp.app */ = {isa = PBXFileReference; explicitFileType = wrapper.application; includeInIndex = 0; path = SwiftiOSApp.app; sourceTree = BUILT_PRODUCTS_DIR; };
		3DD37107219D597000D17BCC /* AppDelegate.swift */ = {isa = PBXFileReference; lastKnownFileType = sourcecode.swift; path = AppDelegate.swift; sourceTree = "<group>"; };
		3DD3710C219D597000D17BCC /* Base */ = {isa = PBXFileReference; lastKnownFileType = file.storyboard; name = Base; path = Base.lproj/Main.storyboard; sourceTree = "<group>"; };
		3DD3710E219D597100D17BCC /* Assets.xcassets */ = {isa = PBXFileReference; lastKnownFileType = folder.assetcatalog; path = Assets.xcassets; sourceTree = "<group>"; };
		3DD37111219D597100D17BCC /* Base */ = {isa = PBXFileReference; lastKnownFileType = file.storyboard; name = Base; path = Base.lproj/LaunchScreen.storyboard; sourceTree = "<group>"; };
		3DD37113219D597100D17BCC /* Info.plist */ = {isa = PBXFileReference; lastKnownFileType = text.plist.xml; path = Info.plist; sourceTree = "<group>"; };
		4288D5D23CC432E37E5EFEF4 /* Pods_SwiftiOSApp.framework */ = {isa = PBXFileReference; explicitFileType = wrapper.framework; includeInIndex = 0; path = Pods_SwiftiOSApp.framework; sourceTree = BUILT_PRODUCTS_DIR; };
		76F92731CF94234E1C078F6C /* Pods_SwiftCommandLine.framework */ = {isa = PBXFileReference; explicitFileType = wrapper.framework; includeInIndex = 0; path = Pods_SwiftCommandLine.framework; sourceTree = BUILT_PRODUCTS_DIR; };
		7AC42A19B5AAC7D1748A5A93 /* Pods-SwiftiOSApp.release.xcconfig */ = {isa = PBXFileReference; includeInIndex = 1; lastKnownFileType = text.xcconfig; name = "Pods-SwiftiOSApp.release.xcconfig"; path = "Pods/Target Support Files/Pods-SwiftiOSApp/Pods-SwiftiOSApp.release.xcconfig"; sourceTree = "<group>"; };
		B59CC7C05CE01CFB300E46E0 /* Pods-SwiftiOSApp.debug.xcconfig */ = {isa = PBXFileReference; includeInIndex = 1; lastKnownFileType = text.xcconfig; name = "Pods-SwiftiOSApp.debug.xcconfig"; path = "Pods/Target Support Files/Pods-SwiftiOSApp/Pods-SwiftiOSApp.debug.xcconfig"; sourceTree = "<group>"; };
/* End PBXFileReference section */

/* Begin PBXFrameworksBuildPhase section */
		3D7F64A121A28E62002668B6 /* Frameworks */ = {
			isa = PBXFrameworksBuildPhase;
			buildActionMask = 2147483647;
			files = (
			);
			runOnlyForDeploymentPostprocessing = 0;
		};
		3DD37102219D597000D17BCC /* Frameworks */ = {
			isa = PBXFrameworksBuildPhase;
			buildActionMask = 2147483647;
			files = (
				160556625CB38D818BF4E29D /* Pods_SwiftiOSApp.framework in Frameworks */,
				3DB6F989221CFFCF0058F18C /* AudioToolbox.framework in Frameworks */,
			);
			runOnlyForDeploymentPostprocessing = 0;
		};
/* End PBXFrameworksBuildPhase section */

/* Begin PBXGroup section */
		3D7F64A521A28E63002668B6 /* SwiftCommandLine */ = {
			isa = PBXGroup;
			children = (
				3D7F64A621A28E63002668B6 /* main.swift */,
			);
			path = SwiftCommandLine;
			sourceTree = "<group>";
		};
		3DD370E3219D58FB00D17BCC = {
			isa = PBXGroup;
			children = (
				3DD37106219D597000D17BCC /* SwiftiOSApp */,
				3D7F64A521A28E63002668B6 /* SwiftCommandLine */,
				3DD370ED219D58FB00D17BCC /* Products */,
				879C38C27ED062D86E09C4B7 /* Pods */,
				8B17788C4ED93EA91882A8F6 /* Frameworks */,
			);
			sourceTree = "<group>";
		};
		3DD370ED219D58FB00D17BCC /* Products */ = {
			isa = PBXGroup;
			children = (
				3DD37105219D597000D17BCC /* SwiftiOSApp.app */,
				3D7F64A421A28E62002668B6 /* SwiftCommandLine */,
			);
			name = Products;
			sourceTree = "<group>";
		};
		3DD37106219D597000D17BCC /* SwiftiOSApp */ = {
			isa = PBXGroup;
			children = (
				3DB6F987221CFFCF0058F18C /* SwiftiOSApp.entitlements */,
				3DD37107219D597000D17BCC /* AppDelegate.swift */,
				3DB6F98A221E4B410058F18C /* ViewController.swift */,
				3DD3710B219D597000D17BCC /* Main.storyboard */,
				3DD3710E219D597100D17BCC /* Assets.xcassets */,
				3DD37110219D597100D17BCC /* LaunchScreen.storyboard */,
				3DD37113219D597100D17BCC /* Info.plist */,
			);
			path = SwiftiOSApp;
			sourceTree = "<group>";
		};
		879C38C27ED062D86E09C4B7 /* Pods */ = {
			isa = PBXGroup;
			children = (
				B59CC7C05CE01CFB300E46E0 /* Pods-SwiftiOSApp.debug.xcconfig */,
				7AC42A19B5AAC7D1748A5A93 /* Pods-SwiftiOSApp.release.xcconfig */,
			);
			name = Pods;
			sourceTree = "<group>";
		};
		8B17788C4ED93EA91882A8F6 /* Frameworks */ = {
			isa = PBXGroup;
			children = (
				3DB6F988221CFFCF0058F18C /* AudioToolbox.framework */,
				76F92731CF94234E1C078F6C /* Pods_SwiftCommandLine.framework */,
				4288D5D23CC432E37E5EFEF4 /* Pods_SwiftiOSApp.framework */,
			);
			name = Frameworks;
			sourceTree = "<group>";
		};
/* End PBXGroup section */

/* Begin PBXNativeTarget section */
		3D7F64A321A28E62002668B6 /* SwiftCommandLine */ = {
			isa = PBXNativeTarget;
			buildConfigurationList = 3D7F64A821A28E63002668B6 /* Build configuration list for PBXNativeTarget "SwiftCommandLine" */;
			buildPhases = (
				3D7F64A021A28E62002668B6 /* Sources */,
				3D7F64A121A28E62002668B6 /* Frameworks */,
				3D7F64A221A28E62002668B6 /* CopyFiles */,
			);
			buildRules = (
			);
			dependencies = (
			);
			name = SwiftCommandLine;
			productName = SwiftCommandLine;
			productReference = 3D7F64A421A28E62002668B6 /* SwiftCommandLine */;
			productType = "com.apple.product-type.tool";
		};
		3DD37104219D597000D17BCC /* SwiftiOSApp */ = {
			isa = PBXNativeTarget;
			buildConfigurationList = 3DD37116219D597100D17BCC /* Build configuration list for PBXNativeTarget "SwiftiOSApp" */;
			buildPhases = (
				61B1F0FEDA149C6C8FAA4847 /* [CP] Check Pods Manifest.lock */,
				3DD37101219D597000D17BCC /* Sources */,
				3DD37102219D597000D17BCC /* Frameworks */,
				3DD37103219D597000D17BCC /* Resources */,
				4325F72FA4D5A2FFA75A7DBA /* [CP] Embed Pods Frameworks */,
			);
			buildRules = (
			);
			dependencies = (
			);
			name = SwiftiOSApp;
			productName = SwiftiOSApp;
			productReference = 3DD37105219D597000D17BCC /* SwiftiOSApp.app */;
			productType = "com.apple.product-type.application";
		};
/* End PBXNativeTarget section */

/* Begin PBXProject section */
		3DD370E4219D58FB00D17BCC /* Project object */ = {
			isa = PBXProject;
			attributes = {
				LastSwiftUpdateCheck = 1010;
				LastUpgradeCheck = 1010;
				ORGANIZATIONNAME = "莫锹文";
				TargetAttributes = {
					3D7F64A321A28E62002668B6 = {
						CreatedOnToolsVersion = 10.1;
					};
					3DD37104219D597000D17BCC = {
						CreatedOnToolsVersion = 10.1;
						SystemCapabilities = {
							com.apple.BackgroundModes = {
								enabled = 1;
							};
							com.apple.InterAppAudio = {
								enabled = 1;
							};
							com.apple.Push = {
								enabled = 1;
							};
						};
					};
				};
			};
			buildConfigurationList = 3DD370E7219D58FB00D17BCC /* Build configuration list for PBXProject "SwiftCommandLine" */;
			compatibilityVersion = "Xcode 9.3";
			developmentRegion = en;
			hasScannedForEncodings = 0;
			knownRegions = (
				en,
				Base,
			);
			mainGroup = 3DD370E3219D58FB00D17BCC;
			productRefGroup = 3DD370ED219D58FB00D17BCC /* Products */;
			projectDirPath = "";
			projectRoot = "";
			targets = (
				3DD37104219D597000D17BCC /* SwiftiOSApp */,
				3D7F64A321A28E62002668B6 /* SwiftCommandLine */,
			);
		};
/* End PBXProject section */

/* Begin PBXResourcesBuildPhase section */
		3DD37103219D597000D17BCC /* Resources */ = {
			isa = PBXResourcesBuildPhase;
			buildActionMask = 2147483647;
			files = (
				3DD37112219D597100D17BCC /* LaunchScreen.storyboard in Resources */,
				3DD3710F219D597100D17BCC /* Assets.xcassets in Resources */,
				3DD3710D219D597000D17BCC /* Main.storyboard in Resources */,
			);
			runOnlyForDeploymentPostprocessing = 0;
		};
/* End PBXResourcesBuildPhase section */

/* Begin PBXShellScriptBuildPhase section */
		4325F72FA4D5A2FFA75A7DBA /* [CP] Embed Pods Frameworks */ = {
			isa = PBXShellScriptBuildPhase;
			buildActionMask = 2147483647;
			files = (
			);
			inputFileListPaths = (
			);
			inputPaths = (
				"${PODS_ROOT}/Target Support Files/Pods-SwiftiOSApp/Pods-SwiftiOSApp-frameworks.sh",
				"${BUILT_PRODUCTS_DIR}/Closures/Closures.framework",
				"${BUILT_PRODUCTS_DIR}/JRSwizzle/JRSwizzle.framework",
				"${BUILT_PRODUCTS_DIR}/SnapKit/SnapKit.framework",
				"${BUILT_PRODUCTS_DIR}/SwiftLiteKit/SwiftLiteKit.framework",
				"${BUILT_PRODUCTS_DIR}/TYPagerController/TYPagerController.framework",
				"${BUILT_PRODUCTS_DIR}/YYKit/YYKit.framework",
			);
			name = "[CP] Embed Pods Frameworks";
			outputFileListPaths = (
			);
			outputPaths = (
				"${TARGET_BUILD_DIR}/${FRAMEWORKS_FOLDER_PATH}/Closures.framework",
				"${TARGET_BUILD_DIR}/${FRAMEWORKS_FOLDER_PATH}/JRSwizzle.framework",
				"${TARGET_BUILD_DIR}/${FRAMEWORKS_FOLDER_PATH}/SnapKit.framework",
				"${TARGET_BUILD_DIR}/${FRAMEWORKS_FOLDER_PATH}/SwiftLiteKit.framework",
				"${TARGET_BUILD_DIR}/${FRAMEWORKS_FOLDER_PATH}/TYPagerController.framework",
				"${TARGET_BUILD_DIR}/${FRAMEWORKS_FOLDER_PATH}/YYKit.framework",
			);
			runOnlyForDeploymentPostprocessing = 0;
			shellPath = /bin/sh;
			shellScript = "\"${PODS_ROOT}/Target Support Files/Pods-SwiftiOSApp/Pods-SwiftiOSApp-frameworks.sh\"\n";
			showEnvVarsInLog = 0;
		};
		61B1F0FEDA149C6C8FAA4847 /* [CP] Check Pods Manifest.lock */ = {
			isa = PBXShellScriptBuildPhase;
			buildActionMask = 2147483647;
			files = (
			);
			inputPaths = (
				"${PODS_PODFILE_DIR_PATH}/Podfile.lock",
				"${PODS_ROOT}/Manifest.lock",
			);
			name = "[CP] Check Pods Manifest.lock";
			outputPaths = (
				"$(DERIVED_FILE_DIR)/Pods-SwiftiOSApp-checkManifestLockResult.txt",
			);
			runOnlyForDeploymentPostprocessing = 0;
			shellPath = /bin/sh;
			shellScript = "diff \"${PODS_PODFILE_DIR_PATH}/Podfile.lock\" \"${PODS_ROOT}/Manifest.lock\" > /dev/null\nif [ $? != 0 ] ; then\n    # print error to STDERR\n    echo \"error: The sandbox is not in sync with the Podfile.lock. Run 'pod install' or update your CocoaPods installation.\" >&2\n    exit 1\nfi\n# This output is used by Xcode 'outputs' to avoid re-running this script phase.\necho \"SUCCESS\" > \"${SCRIPT_OUTPUT_FILE_0}\"\n";
			showEnvVarsInLog = 0;
		};
/* End PBXShellScriptBuildPhase section */

/* Begin PBXSourcesBuildPhase section */
		3D7F64A021A28E62002668B6 /* Sources */ = {
			isa = PBXSourcesBuildPhase;
			buildActionMask = 2147483647;
			files = (
				3D7F64A721A28E63002668B6 /* main.swift in Sources */,
			);
			runOnlyForDeploymentPostprocessing = 0;
		};
		3DD37101219D597000D17BCC /* Sources */ = {
			isa = PBXSourcesBuildPhase;
			buildActionMask = 2147483647;
			files = (
				3DB6F98B221E4B410058F18C /* ViewController.swift in Sources */,
				3DD37108219D597000D17BCC /* AppDelegate.swift in Sources */,
			);
			runOnlyForDeploymentPostprocessing = 0;
		};
/* End PBXSourcesBuildPhase section */

/* Begin PBXVariantGroup section */
		3DD3710B219D597000D17BCC /* Main.storyboard */ = {
			isa = PBXVariantGroup;
			children = (
				3DD3710C219D597000D17BCC /* Base */,
			);
			name = Main.storyboard;
			sourceTree = "<group>";
		};
		3DD37110219D597100D17BCC /* LaunchScreen.storyboard */ = {
			isa = PBXVariantGroup;
			children = (
				3DD37111219D597100D17BCC /* Base */,
			);
			name = LaunchScreen.storyboard;
			sourceTree = "<group>";
		};
/* End PBXVariantGroup section */

/* Begin XCBuildConfiguration section */
		3D7F64A921A28E63002668B6 /* Debug */ = {
			isa = XCBuildConfiguration;
			buildSettings = {
				CODE_SIGN_IDENTITY = "Mac Developer";
				CODE_SIGN_STYLE = Automatic;
				DEVELOPMENT_TEAM = 7827DZ9F2C;
				MACOSX_DEPLOYMENT_TARGET = 10.14;
				PRODUCT_NAME = "$(TARGET_NAME)";
				SDKROOT = macosx;
				SWIFT_VERSION = 4.2;
			};
			name = Debug;
		};
		3D7F64AA21A28E63002668B6 /* Release */ = {
			isa = XCBuildConfiguration;
			buildSettings = {
				CODE_SIGN_IDENTITY = "Mac Developer";
				CODE_SIGN_STYLE = Automatic;
				DEVELOPMENT_TEAM = 7827DZ9F2C;
				MACOSX_DEPLOYMENT_TARGET = 10.14;
				PRODUCT_NAME = "$(TARGET_NAME)";
				SDKROOT = macosx;
				SWIFT_VERSION = 4.2;
			};
			name = Release;
		};
		3DD370FC219D58FC00D17BCC /* Debug */ = {
			isa = XCBuildConfiguration;
			buildSettings = {
				ALWAYS_SEARCH_USER_PATHS = NO;
				CLANG_ANALYZER_NONNULL = YES;
				CLANG_ANALYZER_NUMBER_OBJECT_CONVERSION = YES_AGGRESSIVE;
				CLANG_CXX_LANGUAGE_STANDARD = "gnu++14";
				CLANG_CXX_LIBRARY = "libc++";
				CLANG_ENABLE_MODULES = YES;
				CLANG_ENABLE_OBJC_ARC = YES;
				CLANG_ENABLE_OBJC_WEAK = YES;
				CLANG_WARN_BLOCK_CAPTURE_AUTORELEASING = YES;
				CLANG_WARN_BOOL_CONVERSION = YES;
				CLANG_WARN_COMMA = YES;
				CLANG_WARN_CONSTANT_CONVERSION = YES;
				CLANG_WARN_DEPRECATED_OBJC_IMPLEMENTATIONS = YES;
				CLANG_WARN_DIRECT_OBJC_ISA_USAGE = YES_ERROR;
				CLANG_WARN_DOCUMENTATION_COMMENTS = YES;
				CLANG_WARN_EMPTY_BODY = YES;
				CLANG_WARN_ENUM_CONVERSION = YES;
				CLANG_WARN_INFINITE_RECURSION = YES;
				CLANG_WARN_INT_CONVERSION = YES;
				CLANG_WARN_NON_LITERAL_NULL_CONVERSION = YES;
				CLANG_WARN_OBJC_IMPLICIT_RETAIN_SELF = YES;
				CLANG_WARN_OBJC_LITERAL_CONVERSION = YES;
				CLANG_WARN_OBJC_ROOT_CLASS = YES_ERROR;
				CLANG_WARN_RANGE_LOOP_ANALYSIS = YES;
				CLANG_WARN_STRICT_PROTOTYPES = YES;
				CLANG_WARN_SUSPICIOUS_MOVE = YES;
				CLANG_WARN_UNGUARDED_AVAILABILITY = YES_AGGRESSIVE;
				CLANG_WARN_UNREACHABLE_CODE = YES;
				CLANG_WARN__DUPLICATE_METHOD_MATCH = YES;
				CODE_SIGN_IDENTITY = "iPhone Developer";
				COPY_PHASE_STRIP = NO;
				DEBUG_INFORMATION_FORMAT = dwarf;
				ENABLE_STRICT_OBJC_MSGSEND = YES;
				ENABLE_TESTABILITY = YES;
				GCC_C_LANGUAGE_STANDARD = gnu11;
				GCC_DYNAMIC_NO_PIC = NO;
				GCC_NO_COMMON_BLOCKS = YES;
				GCC_OPTIMIZATION_LEVEL = 0;
				GCC_PREPROCESSOR_DEFINITIONS = (
					"DEBUG=1",
					"$(inherited)",
				);
				GCC_WARN_64_TO_32_BIT_CONVERSION = YES;
				GCC_WARN_ABOUT_RETURN_TYPE = YES_ERROR;
				GCC_WARN_UNDECLARED_SELECTOR = YES;
				GCC_WARN_UNINITIALIZED_AUTOS = YES_AGGRESSIVE;
				GCC_WARN_UNUSED_FUNCTION = YES;
				GCC_WARN_UNUSED_VARIABLE = YES;
				IPHONEOS_DEPLOYMENT_TARGET = 12.1;
				MTL_ENABLE_DEBUG_INFO = INCLUDE_SOURCE;
				MTL_FAST_MATH = YES;
				ONLY_ACTIVE_ARCH = YES;
				SDKROOT = iphoneos;
				SWIFT_ACTIVE_COMPILATION_CONDITIONS = DEBUG;
				SWIFT_OPTIMIZATION_LEVEL = "-Onone";
			};
			name = Debug;
		};
		3DD370FD219D58FC00D17BCC /* Release */ = {
			isa = XCBuildConfiguration;
			buildSettings = {
				ALWAYS_SEARCH_USER_PATHS = NO;
				CLANG_ANALYZER_NONNULL = YES;
				CLANG_ANALYZER_NUMBER_OBJECT_CONVERSION = YES_AGGRESSIVE;
				CLANG_CXX_LANGUAGE_STANDARD = "gnu++14";
				CLANG_CXX_LIBRARY = "libc++";
				CLANG_ENABLE_MODULES = YES;
				CLANG_ENABLE_OBJC_ARC = YES;
				CLANG_ENABLE_OBJC_WEAK = YES;
				CLANG_WARN_BLOCK_CAPTURE_AUTORELEASING = YES;
				CLANG_WARN_BOOL_CONVERSION = YES;
				CLANG_WARN_COMMA = YES;
				CLANG_WARN_CONSTANT_CONVERSION = YES;
				CLANG_WARN_DEPRECATED_OBJC_IMPLEMENTATIONS = YES;
				CLANG_WARN_DIRECT_OBJC_ISA_USAGE = YES_ERROR;
				CLANG_WARN_DOCUMENTATION_COMMENTS = YES;
				CLANG_WARN_EMPTY_BODY = YES;
				CLANG_WARN_ENUM_CONVERSION = YES;
				CLANG_WARN_INFINITE_RECURSION = YES;
				CLANG_WARN_INT_CONVERSION = YES;
				CLANG_WARN_NON_LITERAL_NULL_CONVERSION = YES;
				CLANG_WARN_OBJC_IMPLICIT_RETAIN_SELF = YES;
				CLANG_WARN_OBJC_LITERAL_CONVERSION = YES;
				CLANG_WARN_OBJC_ROOT_CLASS = YES_ERROR;
				CLANG_WARN_RANGE_LOOP_ANALYSIS = YES;
				CLANG_WARN_STRICT_PROTOTYPES = YES;
				CLANG_WARN_SUSPICIOUS_MOVE = YES;
				CLANG_WARN_UNGUARDED_AVAILABILITY = YES_AGGRESSIVE;
				CLANG_WARN_UNREACHABLE_CODE = YES;
				CLANG_WARN__DUPLICATE_METHOD_MATCH = YES;
				CODE_SIGN_IDENTITY = "iPhone Developer";
				COPY_PHASE_STRIP = NO;
				DEBUG_INFORMATION_FORMAT = "dwarf-with-dsym";
				ENABLE_NS_ASSERTIONS = NO;
				ENABLE_STRICT_OBJC_MSGSEND = YES;
				GCC_C_LANGUAGE_STANDARD = gnu11;
				GCC_NO_COMMON_BLOCKS = YES;
				GCC_WARN_64_TO_32_BIT_CONVERSION = YES;
				GCC_WARN_ABOUT_RETURN_TYPE = YES_ERROR;
				GCC_WARN_UNDECLARED_SELECTOR = YES;
				GCC_WARN_UNINITIALIZED_AUTOS = YES_AGGRESSIVE;
				GCC_WARN_UNUSED_FUNCTION = YES;
				GCC_WARN_UNUSED_VARIABLE = YES;
				IPHONEOS_DEPLOYMENT_TARGET = 12.1;
				MTL_ENABLE_DEBUG_INFO = NO;
				MTL_FAST_MATH = YES;
				SDKROOT = iphoneos;
				SWIFT_COMPILATION_MODE = wholemodule;
				SWIFT_OPTIMIZATION_LEVEL = "-O";
				VALIDATE_PRODUCT = YES;
			};
			name = Release;
		};
		3DD37114219D597100D17BCC /* Debug */ = {
			isa = XCBuildConfiguration;
			baseConfigurationReference = B59CC7C05CE01CFB300E46E0 /* Pods-SwiftiOSApp.debug.xcconfig */;
			buildSettings = {
				ASSETCATALOG_COMPILER_APPICON_NAME = AppIcon;
				CODE_SIGN_ENTITLEMENTS = SwiftiOSApp/SwiftiOSApp.entitlements;
				CODE_SIGN_IDENTITY = "iPhone Developer";
				CODE_SIGN_STYLE = Automatic;
				DEVELOPMENT_TEAM = 7827DZ9F2C;
				INFOPLIST_FILE = SwiftiOSApp/Info.plist;
				IPHONEOS_DEPLOYMENT_TARGET = 10.0;
				LD_RUNPATH_SEARCH_PATHS = (
					"$(inherited)",
					"@executable_path/Frameworks",
				);
				PRODUCT_BUNDLE_IDENTIFIER = com.msw.SwiftiOSApp;
				PRODUCT_NAME = "$(TARGET_NAME)";
				PROVISIONING_PROFILE_SPECIFIER = "";
				SWIFT_VERSION = 4.2;
				TARGETED_DEVICE_FAMILY = "1,2";
			};
			name = Debug;
		};
		3DD37115219D597100D17BCC /* Release */ = {
			isa = XCBuildConfiguration;
			baseConfigurationReference = 7AC42A19B5AAC7D1748A5A93 /* Pods-SwiftiOSApp.release.xcconfig */;
			buildSettings = {
				ASSETCATALOG_COMPILER_APPICON_NAME = AppIcon;
				CODE_SIGN_ENTITLEMENTS = SwiftiOSApp/SwiftiOSApp.entitlements;
				CODE_SIGN_IDENTITY = "iPhone Developer";
				CODE_SIGN_STYLE = Automatic;
				DEVELOPMENT_TEAM = 7827DZ9F2C;
				INFOPLIST_FILE = SwiftiOSApp/Info.plist;
				IPHONEOS_DEPLOYMENT_TARGET = 10.0;
				LD_RUNPATH_SEARCH_PATHS = (
					"$(inherited)",
					"@executable_path/Frameworks",
				);
				PRODUCT_BUNDLE_IDENTIFIER = com.msw.SwiftiOSApp;
				PRODUCT_NAME = "$(TARGET_NAME)";
				PROVISIONING_PROFILE_SPECIFIER = "";
				SWIFT_VERSION = 4.2;
				TARGETED_DEVICE_FAMILY = "1,2";
			};
			name = Release;
		};
/* End XCBuildConfiguration section */

/* Begin XCConfigurationList section */
		3D7F64A821A28E63002668B6 /* Build configuration list for PBXNativeTarget "SwiftCommandLine" */ = {
			isa = XCConfigurationList;
			buildConfigurations = (
				3D7F64A921A28E63002668B6 /* Debug */,
				3D7F64AA21A28E63002668B6 /* Release */,
			);
			defaultConfigurationIsVisible = 0;
			defaultConfigurationName = Release;
		};
		3DD370E7219D58FB00D17BCC /* Build configuration list for PBXProject "SwiftCommandLine" */ = {
			isa = XCConfigurationList;
			buildConfigurations = (
				3DD370FC219D58FC00D17BCC /* Debug */,
				3DD370FD219D58FC00D17BCC /* Release */,
			);
			defaultConfigurationIsVisible = 0;
			defaultConfigurationName = Release;
		};
		3DD37116219D597100D17BCC /* Build configuration list for PBXNativeTarget "SwiftiOSApp" */ = {
			isa = XCConfigurationList;
			buildConfigurations = (
				3DD37114219D597100D17BCC /* Debug */,
				3DD37115219D597100D17BCC /* Release */,
			);
			defaultConfigurationIsVisible = 0;
			defaultConfigurationName = Release;
		};
/* End XCConfigurationList section */
	};
	rootObject = 3DD370E4219D58FB00D17BCC /* Project object */;
}
