// !$*UTF8*$!
{
	archiveVersion = 1;
	classes = {
	};
	objectVersion = 50;
	objects = {

/* Begin PBXBuildFile section */
		3D21F1882137855D00023E1C /* AppDelegate.m in Sources */ = {isa = PBXBuildFile; fileRef = 3D21F1872137855D00023E1C /* AppDelegate.m */; };
		3D21F18B2137855D00023E1C /* ViewController.m in Sources */ = {isa = PBXBuildFile; fileRef = 3D21F18A2137855D00023E1C /* ViewController.m */; };
		3D21F18E2137855D00023E1C /* Main.storyboard in Resources */ = {isa = PBXBuildFile; fileRef = 3D21F18C2137855D00023E1C /* Main.storyboard */; };
		3D21F1902137855F00023E1C /* Assets.xcassets in Resources */ = {isa = PBXBuildFile; fileRef = 3D21F18F2137855F00023E1C /* Assets.xcassets */; };
		3D21F1932137855F00023E1C /* LaunchScreen.storyboard in Resources */ = {isa = PBXBuildFile; fileRef = 3D21F1912137855F00023E1C /* LaunchScreen.storyboard */; };
		3D21F1962137855F00023E1C /* main.m in Sources */ = {isa = PBXBuildFile; fileRef = 3D21F1952137855F00023E1C /* main.m */; };
		3D21F19F2137873F00023E1C /* sparring_img.html in Resources */ = {isa = PBXBuildFile; fileRef = 3D21F19C2137873F00023E1C /* sparring_img.html */; };
		3D21F1A02137873F00023E1C /* sparring_img_head.png in Resources */ = {isa = PBXBuildFile; fileRef = 3D21F19D2137873F00023E1C /* sparring_img_head.png */; };
		3D21F1A12137873F00023E1C /* sparring_img_info.png in Resources */ = {isa = PBXBuildFile; fileRef = 3D21F19E2137873F00023E1C /* sparring_img_info.png */; };
		3D21F1A42137875800023E1C /* Demo1VCViewController.m in Sources */ = {isa = PBXBuildFile; fileRef = 3D21F1A32137875800023E1C /* Demo1VCViewController.m */; };
		3D21F1A72137875E00023E1C /* Demo2ViewController.m in Sources */ = {isa = PBXBuildFile; fileRef = 3D21F1A62137875E00023E1C /* Demo2ViewController.m */; };
		3D21F1AA2137876300023E1C /* Demo3ViewController.m in Sources */ = {isa = PBXBuildFile; fileRef = 3D21F1A92137876300023E1C /* Demo3ViewController.m */; };
/* End PBXBuildFile section */

/* Begin PBXFileReference section */
		3D21F1832137855D00023E1C /* 超大高清图.app */ = {isa = PBXFileReference; explicitFileType = wrapper.application; includeInIndex = 0; path = "超大高清图.app"; sourceTree = BUILT_PRODUCTS_DIR; };
		3D21F1862137855D00023E1C /* AppDelegate.h */ = {isa = PBXFileReference; lastKnownFileType = sourcecode.c.h; path = AppDelegate.h; sourceTree = "<group>"; };
		3D21F1872137855D00023E1C /* AppDelegate.m */ = {isa = PBXFileReference; lastKnownFileType = sourcecode.c.objc; path = AppDelegate.m; sourceTree = "<group>"; };
		3D21F1892137855D00023E1C /* ViewController.h */ = {isa = PBXFileReference; lastKnownFileType = sourcecode.c.h; path = ViewController.h; sourceTree = "<group>"; };
		3D21F18A2137855D00023E1C /* ViewController.m */ = {isa = PBXFileReference; lastKnownFileType = sourcecode.c.objc; path = ViewController.m; sourceTree = "<group>"; };
		3D21F18D2137855D00023E1C /* Base */ = {isa = PBXFileReference; lastKnownFileType = file.storyboard; name = Base; path = Base.lproj/Main.storyboard; sourceTree = "<group>"; };
		3D21F18F2137855F00023E1C /* Assets.xcassets */ = {isa = PBXFileReference; lastKnownFileType = folder.assetcatalog; path = Assets.xcassets; sourceTree = "<group>"; };
		3D21F1922137855F00023E1C /* Base */ = {isa = PBXFileReference; lastKnownFileType = file.storyboard; name = Base; path = Base.lproj/LaunchScreen.storyboard; sourceTree = "<group>"; };
		3D21F1942137855F00023E1C /* Info.plist */ = {isa = PBXFileReference; lastKnownFileType = text.plist.xml; path = Info.plist; sourceTree = "<group>"; };
		3D21F1952137855F00023E1C /* main.m */ = {isa = PBXFileReference; lastKnownFileType = sourcecode.c.objc; path = main.m; sourceTree = "<group>"; };
		3D21F19C2137873F00023E1C /* sparring_img.html */ = {isa = PBXFileReference; fileEncoding = 4; lastKnownFileType = text.html; path = sparring_img.html; sourceTree = "<group>"; };
		3D21F19D2137873F00023E1C /* sparring_img_head.png */ = {isa = PBXFileReference; lastKnownFileType = image.png; path = sparring_img_head.png; sourceTree = "<group>"; };
		3D21F19E2137873F00023E1C /* sparring_img_info.png */ = {isa = PBXFileReference; lastKnownFileType = image.png; path = sparring_img_info.png; sourceTree = "<group>"; };
		3D21F1A22137875800023E1C /* Demo1VCViewController.h */ = {isa = PBXFileReference; lastKnownFileType = sourcecode.c.h; path = Demo1VCViewController.h; sourceTree = "<group>"; };
		3D21F1A32137875800023E1C /* Demo1VCViewController.m */ = {isa = PBXFileReference; lastKnownFileType = sourcecode.c.objc; path = Demo1VCViewController.m; sourceTree = "<group>"; };
		3D21F1A52137875E00023E1C /* Demo2ViewController.h */ = {isa = PBXFileReference; lastKnownFileType = sourcecode.c.h; path = Demo2ViewController.h; sourceTree = "<group>"; };
		3D21F1A62137875E00023E1C /* Demo2ViewController.m */ = {isa = PBXFileReference; lastKnownFileType = sourcecode.c.objc; path = Demo2ViewController.m; sourceTree = "<group>"; };
		3D21F1A82137876300023E1C /* Demo3ViewController.h */ = {isa = PBXFileReference; lastKnownFileType = sourcecode.c.h; path = Demo3ViewController.h; sourceTree = "<group>"; };
		3D21F1A92137876300023E1C /* Demo3ViewController.m */ = {isa = PBXFileReference; lastKnownFileType = sourcecode.c.objc; path = Demo3ViewController.m; sourceTree = "<group>"; };
/* End PBXFileReference section */

/* Begin PBXFrameworksBuildPhase section */
		3D21F1802137855D00023E1C /* Frameworks */ = {
			isa = PBXFrameworksBuildPhase;
			buildActionMask = 2147483647;
			files = (
			);
			runOnlyForDeploymentPostprocessing = 0;
		};
/* End PBXFrameworksBuildPhase section */

/* Begin PBXGroup section */
		3D21F17A2137855D00023E1C = {
			isa = PBXGroup;
			children = (
				3D21F1852137855D00023E1C /* 超大高清图 */,
				3D21F1842137855D00023E1C /* Products */,
			);
			sourceTree = "<group>";
		};
		3D21F1842137855D00023E1C /* Products */ = {
			isa = PBXGroup;
			children = (
				3D21F1832137855D00023E1C /* 超大高清图.app */,
			);
			name = Products;
			sourceTree = "<group>";
		};
		3D21F1852137855D00023E1C /* 超大高清图 */ = {
			isa = PBXGroup;
			children = (
				3D21F19D2137873F00023E1C /* sparring_img_head.png */,
				3D21F19E2137873F00023E1C /* sparring_img_info.png */,
				3D21F19C2137873F00023E1C /* sparring_img.html */,
				3D21F1862137855D00023E1C /* AppDelegate.h */,
				3D21F1872137855D00023E1C /* AppDelegate.m */,
				3D21F1A22137875800023E1C /* Demo1VCViewController.h */,
				3D21F1A32137875800023E1C /* Demo1VCViewController.m */,
				3D21F1A52137875E00023E1C /* Demo2ViewController.h */,
				3D21F1A62137875E00023E1C /* Demo2ViewController.m */,
				3D21F1A82137876300023E1C /* Demo3ViewController.h */,
				3D21F1A92137876300023E1C /* Demo3ViewController.m */,
				3D21F1892137855D00023E1C /* ViewController.h */,
				3D21F18A2137855D00023E1C /* ViewController.m */,
				3D21F18C2137855D00023E1C /* Main.storyboard */,
				3D21F18F2137855F00023E1C /* Assets.xcassets */,
				3D21F1912137855F00023E1C /* LaunchScreen.storyboard */,
				3D21F1942137855F00023E1C /* Info.plist */,
				3D21F1952137855F00023E1C /* main.m */,
			);
			path = "超大高清图";
			sourceTree = "<group>";
		};
/* End PBXGroup section */

/* Begin PBXNativeTarget section */
		3D21F1822137855D00023E1C /* 超大高清图 */ = {
			isa = PBXNativeTarget;
			buildConfigurationList = 3D21F1992137855F00023E1C /* Build configuration list for PBXNativeTarget "超大高清图" */;
			buildPhases = (
				3D21F17F2137855D00023E1C /* Sources */,
				3D21F1802137855D00023E1C /* Frameworks */,
				3D21F1812137855D00023E1C /* Resources */,
			);
			buildRules = (
			);
			dependencies = (
			);
			name = "超大高清图";
			productName = "超大高清图";
			productReference = 3D21F1832137855D00023E1C /* 超大高清图.app */;
			productType = "com.apple.product-type.application";
		};
/* End PBXNativeTarget section */

/* Begin PBXProject section */
		3D21F17B2137855D00023E1C /* Project object */ = {
			isa = PBXProject;
			attributes = {
				LastUpgradeCheck = 0940;
				ORGANIZATIONNAME = "莫锹文";
				TargetAttributes = {
					3D21F1822137855D00023E1C = {
						CreatedOnToolsVersion = 9.4.1;
					};
				};
			};
			buildConfigurationList = 3D21F17E2137855D00023E1C /* Build configuration list for PBXProject "超大高清图" */;
			compatibilityVersion = "Xcode 9.3";
			developmentRegion = en;
			hasScannedForEncodings = 0;
			knownRegions = (
				en,
				Base,
			);
			mainGroup = 3D21F17A2137855D00023E1C;
			productRefGroup = 3D21F1842137855D00023E1C /* Products */;
			projectDirPath = "";
			projectRoot = "";
			targets = (
				3D21F1822137855D00023E1C /* 超大高清图 */,
			);
		};
/* End PBXProject section */

/* Begin PBXResourcesBuildPhase section */
		3D21F1812137855D00023E1C /* Resources */ = {
			isa = PBXResourcesBuildPhase;
			buildActionMask = 2147483647;
			files = (
				3D21F1932137855F00023E1C /* LaunchScreen.storyboard in Resources */,
				3D21F1A12137873F00023E1C /* sparring_img_info.png in Resources */,
				3D21F1902137855F00023E1C /* Assets.xcassets in Resources */,
				3D21F19F2137873F00023E1C /* sparring_img.html in Resources */,
				3D21F1A02137873F00023E1C /* sparring_img_head.png in Resources */,
				3D21F18E2137855D00023E1C /* Main.storyboard in Resources */,
			);
			runOnlyForDeploymentPostprocessing = 0;
		};
/* End PBXResourcesBuildPhase section */

/* Begin PBXSourcesBuildPhase section */
		3D21F17F2137855D00023E1C /* Sources */ = {
			isa = PBXSourcesBuildPhase;
			buildActionMask = 2147483647;
			files = (
				3D21F1A72137875E00023E1C /* Demo2ViewController.m in Sources */,
				3D21F1A42137875800023E1C /* Demo1VCViewController.m in Sources */,
				3D21F18B2137855D00023E1C /* ViewController.m in Sources */,
				3D21F1AA2137876300023E1C /* Demo3ViewController.m in Sources */,
				3D21F1962137855F00023E1C /* main.m in Sources */,
				3D21F1882137855D00023E1C /* AppDelegate.m in Sources */,
			);
			runOnlyForDeploymentPostprocessing = 0;
		};
/* End PBXSourcesBuildPhase section */

/* Begin PBXVariantGroup section */
		3D21F18C2137855D00023E1C /* Main.storyboard */ = {
			isa = PBXVariantGroup;
			children = (
				3D21F18D2137855D00023E1C /* Base */,
			);
			name = Main.storyboard;
			sourceTree = "<group>";
		};
		3D21F1912137855F00023E1C /* LaunchScreen.storyboard */ = {
			isa = PBXVariantGroup;
			children = (
				3D21F1922137855F00023E1C /* Base */,
			);
			name = LaunchScreen.storyboard;
			sourceTree = "<group>";
		};
/* End PBXVariantGroup section */

/* Begin XCBuildConfiguration section */
		3D21F1972137855F00023E1C /* Debug */ = {
			isa = XCBuildConfiguration;
			buildSettings = {
				ALWAYS_SEARCH_USER_PATHS = NO;
				CLANG_ANALYZER_NONNULL = YES;
				CLANG_ANALYZER_NUMBER_OBJECT_CONVERSION = YES_AGGRESSIVE;
				CLANG_CXX_LANGUAGE_STANDARD = "gnu++14";
				CLANG_CXX_LIBRARY = "libc++";
				CLANG_ENABLE_MODULES = YES;
				CLANG_ENABLE_OBJC_ARC = YES;
				CLANG_ENABLE_OBJC_WEAK = YES;
				CLANG_WARN_BLOCK_CAPTURE_AUTORELEASING = YES;
				CLANG_WARN_BOOL_CONVERSION = YES;
				CLANG_WARN_COMMA = YES;
				CLANG_WARN_CONSTANT_CONVERSION = YES;
				CLANG_WARN_DEPRECATED_OBJC_IMPLEMENTATIONS = YES;
				CLANG_WARN_DIRECT_OBJC_ISA_USAGE = YES_ERROR;
				CLANG_WARN_DOCUMENTATION_COMMENTS = YES;
				CLANG_WARN_EMPTY_BODY = YES;
				CLANG_WARN_ENUM_CONVERSION = YES;
				CLANG_WARN_INFINITE_RECURSION = YES;
				CLANG_WARN_INT_CONVERSION = YES;
				CLANG_WARN_NON_LITERAL_NULL_CONVERSION = YES;
				CLANG_WARN_OBJC_IMPLICIT_RETAIN_SELF = YES;
				CLANG_WARN_OBJC_LITERAL_CONVERSION = YES;
				CLANG_WARN_OBJC_ROOT_CLASS = YES_ERROR;
				CLANG_WARN_RANGE_LOOP_ANALYSIS = YES;
				CLANG_WARN_STRICT_PROTOTYPES = YES;
				CLANG_WARN_SUSPICIOUS_MOVE = YES;
				CLANG_WARN_UNGUARDED_AVAILABILITY = YES_AGGRESSIVE;
				CLANG_WARN_UNREACHABLE_CODE = YES;
				CLANG_WARN__DUPLICATE_METHOD_MATCH = YES;
				CODE_SIGN_IDENTITY = "iPhone Developer";
				COPY_PHASE_STRIP = NO;
				DEBUG_INFORMATION_FORMAT = dwarf;
				ENABLE_STRICT_OBJC_MSGSEND = YES;
				ENABLE_TESTABILITY = YES;
				GCC_C_LANGUAGE_STANDARD = gnu11;
				GCC_DYNAMIC_NO_PIC = NO;
				GCC_NO_COMMON_BLOCKS = YES;
				GCC_OPTIMIZATION_LEVEL = 0;
				GCC_PREPROCESSOR_DEFINITIONS = (
					"DEBUG=1",
					"$(inherited)",
				);
				GCC_WARN_64_TO_32_BIT_CONVERSION = YES;
				GCC_WARN_ABOUT_RETURN_TYPE = YES_ERROR;
				GCC_WARN_UNDECLARED_SELECTOR = YES;
				GCC_WARN_UNINITIALIZED_AUTOS = YES_AGGRESSIVE;
				GCC_WARN_UNUSED_FUNCTION = YES;
				GCC_WARN_UNUSED_VARIABLE = YES;
				IPHONEOS_DEPLOYMENT_TARGET = 11.4;
				MTL_ENABLE_DEBUG_INFO = YES;
				ONLY_ACTIVE_ARCH = YES;
				SDKROOT = iphoneos;
			};
			name = Debug;
		};
		3D21F1982137855F00023E1C /* Release */ = {
			isa = XCBuildConfiguration;
			buildSettings = {
				ALWAYS_SEARCH_USER_PATHS = NO;
				CLANG_ANALYZER_NONNULL = YES;
				CLANG_ANALYZER_NUMBER_OBJECT_CONVERSION = YES_AGGRESSIVE;
				CLANG_CXX_LANGUAGE_STANDARD = "gnu++14";
				CLANG_CXX_LIBRARY = "libc++";
				CLANG_ENABLE_MODULES = YES;
				CLANG_ENABLE_OBJC_ARC = YES;
				CLANG_ENABLE_OBJC_WEAK = YES;
				CLANG_WARN_BLOCK_CAPTURE_AUTORELEASING = YES;
				CLANG_WARN_BOOL_CONVERSION = YES;
				CLANG_WARN_COMMA = YES;
				CLANG_WARN_CONSTANT_CONVERSION = YES;
				CLANG_WARN_DEPRECATED_OBJC_IMPLEMENTATIONS = YES;
				CLANG_WARN_DIRECT_OBJC_ISA_USAGE = YES_ERROR;
				CLANG_WARN_DOCUMENTATION_COMMENTS = YES;
				CLANG_WARN_EMPTY_BODY = YES;
				CLANG_WARN_ENUM_CONVERSION = YES;
				CLANG_WARN_INFINITE_RECURSION = YES;
				CLANG_WARN_INT_CONVERSION = YES;
				CLANG_WARN_NON_LITERAL_NULL_CONVERSION = YES;
				CLANG_WARN_OBJC_IMPLICIT_RETAIN_SELF = YES;
				CLANG_WARN_OBJC_LITERAL_CONVERSION = YES;
				CLANG_WARN_OBJC_ROOT_CLASS = YES_ERROR;
				CLANG_WARN_RANGE_LOOP_ANALYSIS = YES;
				CLANG_WARN_STRICT_PROTOTYPES = YES;
				CLANG_WARN_SUSPICIOUS_MOVE = YES;
				CLANG_WARN_UNGUARDED_AVAILABILITY = YES_AGGRESSIVE;
				CLANG_WARN_UNREACHABLE_CODE = YES;
				CLANG_WARN__DUPLICATE_METHOD_MATCH = YES;
				CODE_SIGN_IDENTITY = "iPhone Developer";
				COPY_PHASE_STRIP = NO;
				DEBUG_INFORMATION_FORMAT = "dwarf-with-dsym";
				ENABLE_NS_ASSERTIONS = NO;
				ENABLE_STRICT_OBJC_MSGSEND = YES;
				GCC_C_LANGUAGE_STANDARD = gnu11;
				GCC_NO_COMMON_BLOCKS = YES;
				GCC_WARN_64_TO_32_BIT_CONVERSION = YES;
				GCC_WARN_ABOUT_RETURN_TYPE = YES_ERROR;
				GCC_WARN_UNDECLARED_SELECTOR = YES;
				GCC_WARN_UNINITIALIZED_AUTOS = YES_AGGRESSIVE;
				GCC_WARN_UNUSED_FUNCTION = YES;
				GCC_WARN_UNUSED_VARIABLE = YES;
				IPHONEOS_DEPLOYMENT_TARGET = 11.4;
				MTL_ENABLE_DEBUG_INFO = NO;
				SDKROOT = iphoneos;
				VALIDATE_PRODUCT = YES;
			};
			name = Release;
		};
		3D21F19A2137855F00023E1C /* Debug */ = {
			isa = XCBuildConfiguration;
			buildSettings = {
				ASSETCATALOG_COMPILER_APPICON_NAME = AppIcon;
				CODE_SIGN_STYLE = Automatic;
				DEVELOPMENT_TEAM = 7827DZ9F2C;
				INFOPLIST_FILE = "超大高清图/Info.plist";
				LD_RUNPATH_SEARCH_PATHS = (
					"$(inherited)",
					"@executable_path/Frameworks",
				);
				PRODUCT_BUNDLE_IDENTIFIER = "com.msw.-----";
				PRODUCT_NAME = "$(TARGET_NAME)";
				TARGETED_DEVICE_FAMILY = "1,2";
			};
			name = Debug;
		};
		3D21F19B2137855F00023E1C /* Release */ = {
			isa = XCBuildConfiguration;
			buildSettings = {
				ASSETCATALOG_COMPILER_APPICON_NAME = AppIcon;
				CODE_SIGN_STYLE = Automatic;
				DEVELOPMENT_TEAM = 7827DZ9F2C;
				INFOPLIST_FILE = "超大高清图/Info.plist";
				LD_RUNPATH_SEARCH_PATHS = (
					"$(inherited)",
					"@executable_path/Frameworks",
				);
				PRODUCT_BUNDLE_IDENTIFIER = "com.msw.-----";
				PRODUCT_NAME = "$(TARGET_NAME)";
				TARGETED_DEVICE_FAMILY = "1,2";
			};
			name = Release;
		};
/* End XCBuildConfiguration section */

/* Begin XCConfigurationList section */
		3D21F17E2137855D00023E1C /* Build configuration list for PBXProject "超大高清图" */ = {
			isa = XCConfigurationList;
			buildConfigurations = (
				3D21F1972137855F00023E1C /* Debug */,
				3D21F1982137855F00023E1C /* Release */,
			);
			defaultConfigurationIsVisible = 0;
			defaultConfigurationName = Release;
		};
		3D21F1992137855F00023E1C /* Build configuration list for PBXNativeTarget "超大高清图" */ = {
			isa = XCConfigurationList;
			buildConfigurations = (
				3D21F19A2137855F00023E1C /* Debug */,
				3D21F19B2137855F00023E1C /* Release */,
			);
			defaultConfigurationIsVisible = 0;
			defaultConfigurationName = Release;
		};
/* End XCConfigurationList section */
	};
	rootObject = 3D21F17B2137855D00023E1C /* Project object */;
}
